
Microsoft Visual Studio Solution File, Format Version 12.00
# Visual Studio Version 17
VisualStudioVersion = 17.5.33627.172
MinimumVisualStudioVersion = 10.0.40219.1
Project("{FAE04EC0-301F-11D3-BF4B-00C04F79EFBC}") = "API", "API\API.csproj", "{28A53202-1F3B-4D07-8DCA-37CEF23EEBB1}"
EndProject
Project("{FAE04EC0-301F-11D3-BF4B-00C04F79EFBC}") = "API.Domain", "API.Domain\API.Domain.csproj", "{00AC8277-D6CE-4E94-A28E-F1F278BB01B1}"
EndProject
Project("{FAE04EC0-301F-11D3-BF4B-00C04F79EFBC}") = "API.DataAccess", "API.DataAccess\API.DataAccess.csproj", "{343F1F80-0260-4C44-925E-5A824DE3860A}"
EndProject
Project("{FAE04EC0-301F-11D3-BF4B-00C04F79EFBC}") = "API.Utils", "API.Utils\API.Utils.csproj", "{7A97E7C5-32A5-4A0D-A345-006CF7378613}"
EndProject
Project("{FAE04EC0-301F-11D3-BF4B-00C04F79EFBC}") = "API.Services", "API.Services\API.Services.csproj", "{32EE992C-A26D-4097-9017-C665A6BFB28F}"
EndProject
Global
	GlobalSection(SolutionConfigurationPlatforms) = preSolution
		Debug|Any CPU = Debug|Any CPU
		Release|Any CPU = Release|Any CPU
	EndGlobalSection
	GlobalSection(ProjectConfigurationPlatforms) = postSolution
		{28A53202-1F3B-4D07-8DCA-37CEF23EEBB1}.Debug|Any CPU.ActiveCfg = Debug|Any CPU
		{28A53202-1F3B-4D07-8DCA-37CEF23EEBB1}.Debug|Any CPU.Build.0 = Debug|Any CPU
		{28A53202-1F3B-4D07-8DCA-37CEF23EEBB1}.Release|Any CPU.ActiveCfg = Release|Any CPU
		{28A53202-1F3B-4D07-8DCA-37CEF23EEBB1}.Release|Any CPU.Build.0 = Release|Any CPU
		{00AC8277-D6CE-4E94-A28E-F1F278BB01B1}.Debug|Any CPU.ActiveCfg = Debug|Any CPU
		{00AC8277-D6CE-4E94-A28E-F1F278BB01B1}.Debug|Any CPU.Build.0 = Debug|Any CPU
		{00AC8277-D6CE-4E94-A28E-F1F278BB01B1}.Release|Any CPU.ActiveCfg = Release|Any CPU
		{00AC8277-D6CE-4E94-A28E-F1F278BB01B1}.Release|Any CPU.Build.0 = Release|Any CPU
		{343F1F80-0260-4C44-925E-5A824DE3860A}.Debug|Any CPU.ActiveCfg = Debug|Any CPU
		{343F1F80-0260-4C44-925E-5A824DE3860A}.Debug|Any CPU.Build.0 = Debug|Any CPU
		{343F1F80-0260-4C44-925E-5A824DE3860A}.Release|Any CPU.ActiveCfg = Release|Any CPU
		{343F1F80-0260-4C44-925E-5A824DE3860A}.Release|Any CPU.Build.0 = Release|Any CPU
		{7A97E7C5-32A5-4A0D-A345-006CF7378613}.Debug|Any CPU.ActiveCfg = Debug|Any CPU
		{7A97E7C5-32A5-4A0D-A345-006CF7378613}.Debug|Any CPU.Build.0 = Debug|Any CPU
		{7A97E7C5-32A5-4A0D-A345-006CF7378613}.Release|Any CPU.ActiveCfg = Release|Any CPU
		{7A97E7C5-32A5-4A0D-A345-006CF7378613}.Release|Any CPU.Build.0 = Release|Any CPU
		{32EE992C-A26D-4097-9017-C665A6BFB28F}.Debug|Any CPU.ActiveCfg = Debug|Any CPU
		{32EE992C-A26D-4097-9017-C665A6BFB28F}.Debug|Any CPU.Build.0 = Debug|Any CPU
		{32EE992C-A26D-4097-9017-C665A6BFB28F}.Release|Any CPU.ActiveCfg = Release|Any CPU
		{32EE992C-A26D-4097-9017-C665A6BFB28F}.Release|Any CPU.Build.0 = Release|Any CPU
	EndGlobalSection
	GlobalSection(SolutionProperties) = preSolution
		HideSolutionNode = FALSE
	EndGlobalSection
	GlobalSection(ExtensibilityGlobals) = postSolution
		SolutionGuid = {88C82F57-F4AF-4FA0-82CC-13D5379E8DEA}
	EndGlobalSection
EndGlobal
